
Microsoft Visual Studio Solution File, Format Version 12.00
# Visual Studio 15
VisualStudioVersion = 15.0.27703.2042
MinimumVisualStudioVersion = 10.0.40219.1
Project("{8BC9CEB8-8B4A-11D0-8D11-00A0C91BC942}") = "Pac_Extractor", "Pac_Extractor\Pac_Extractor.vcxproj", "{A3E5311D-D3E6-4A0C-BBEC-7D7F6D5352DA}"
EndProject
Global
	GlobalSection(SolutionConfigurationPlatforms) = preSolution
		Debug|x64 = Debug|x64
		Debug|x86 = Debug|x86
		Release|x64 = Release|x64
		Release|x86 = Release|x86
	EndGlobalSection
	GlobalSection(ProjectConfigurationPlatforms) = postSolution
		{A3E5311D-D3E6-4A0C-BBEC-7D7F6D5352DA}.Debug|x64.ActiveCfg = Debug|x64
		{A3E5311D-D3E6-4A0C-BBEC-7D7F6D5352DA}.Debug|x64.Build.0 = Debug|x64
		{A3E5311D-D3E6-4A0C-BBEC-7D7F6D5352DA}.Debug|x86.ActiveCfg = Debug|Win32
		{A3E5311D-D3E6-4A0C-BBEC-7D7F6D5352DA}.Debug|x86.Build.0 = Debug|Win32
		{A3E5311D-D3E6-4A0C-BBEC-7D7F6D5352DA}.Release|x64.ActiveCfg = Release|x64
		{A3E5311D-D3E6-4A0C-BBEC-7D7F6D5352DA}.Release|x64.Build.0 = Release|x64
		{A3E5311D-D3E6-4A0C-BBEC-7D7F6D5352DA}.Release|x86.ActiveCfg = Release|Win32
		{A3E5311D-D3E6-4A0C-BBEC-7D7F6D5352DA}.Release|x86.Build.0 = Release|Win32
	EndGlobalSection
	GlobalSection(SolutionProperties) = preSolution
		HideSolutionNode = FALSE
	EndGlobalSection
	GlobalSection(ExtensibilityGlobals) = postSolution
		SolutionGuid = {BDF48160-6189-45EA-95CE-F76DF5FFD117}
	EndGlobalSection
EndGlobal
